
Microsoft Visual Studio Solution File, Format Version 12.00
# Visual Studio 2012
Project("{FAE04EC0-301F-11D3-BF4B-00C04F79EFBC}") = "BraveTextAVG", "BraveTextAVG\BraveTextAVG.csproj", "{977E2413-B18F-40FB-8CAD-8730A84B05B4}"
EndProject
Global
	GlobalSection(SolutionConfigurationPlatforms) = preSolution
		Debug|Any CPU = Debug|Any CPU
		Release|Any CPU = Release|Any CPU
	EndGlobalSection
	GlobalSection(ProjectConfigurationPlatforms) = postSolution
		{977E2413-B18F-40FB-8CAD-8730A84B05B4}.Debug|Any CPU.ActiveCfg = Debug|Any CPU
		{977E2413-B18F-40FB-8CAD-8730A84B05B4}.Debug|Any CPU.Build.0 = Debug|Any CPU
		{977E2413-B18F-40FB-8CAD-8730A84B05B4}.Release|Any CPU.ActiveCfg = Release|Any CPU
		{977E2413-B18F-40FB-8CAD-8730A84B05B4}.Release|Any CPU.Build.0 = Release|Any CPU
	EndGlobalSection
	GlobalSection(SolutionProperties) = preSolution
		HideSolutionNode = FALSE
	EndGlobalSection
EndGlobal
